{
    "_readme": [
        "This file locks the dependencies of your project to a known state",
        "Read more about it at https://getcomposer.org/doc/01-basic-usage.md#installing-dependencies",
        "This file is @generated automatically"
    ],
    "content-hash": "8602af31d15ff212e90288ddb967f4ce",
    "packages": [
        {
            "name": "alpipego/awp-assets",
            "version": "0.6.2",
            "source": {
                "type": "git",
                "url": "https://github.com/alpipego/awp-assets.git",
                "reference": "9271cf83bf8bcfc98585917b661f608fd22ef6ea"
            },
            "dist": {
                "type": "zip",
                "url": "https://api.github.com/repos/alpipego/awp-assets/zipball/9271cf83bf8bcfc98585917b661f608fd22ef6ea",
                "reference": "9271cf83bf8bcfc98585917b661f608fd22ef6ea",
                "shasum": ""
            },
            "require": {
                "php": "^7.1"
            },
            "suggest": {
                "johnpbloch/wordpress-core": ""
            },
            "type": "library",
            "autoload": {
                "psr-4": {
                    "Alpipego\\AWP\\Assets\\": "src"
                }
            },
            "notification-url": "https://packagist.org/downloads/",
            "license": [
                "MIT"
            ],
            "authors": [
                {
                    "name": "alpipego",
                    "email": "alpipego@gmail.com"
                }
            ],
            "description": "Improve handling of assets (js, css) in WordPress",
            "support": {
                "issues": "https://github.com/alpipego/awp-assets/issues",
                "source": "https://github.com/alpipego/awp-assets/tree/0.6.2"
            },
            "time": "2021-06-01T11:07:04+00:00"
        }
    ],
    "packages-dev": [],
    "aliases": [],
    "minimum-stability": "stable",
    "stability-flags": {
        "alpipego/awp-assets": 20
    },
    "prefer-stable": false,
    "prefer-lowest": false,
    "platform": {
        "php": "^7.1"
    },
    "platform-dev": [],
    "plugin-api-version": "2.0.0"
}
