{
    "_readme": [
        "This file locks the dependencies of your project to a known state",
        "Read more about it at https://getcomposer.org/doc/01-basic-usage.md#installing-dependencies",
        "This file is @generated automatically"
    ],
    "content-hash": "be820e1722796a8fe18b0bf8e5b190eb",
    "packages": [
        {
            "name": "alpipego/awp-assets",
            "version": "0.7.1",
            "source": {
                "type": "git",
                "url": "https://github.com/alpipego/awp-assets.git",
                "reference": "af3951a767c2aa8110e41d4ec3b2e8be8f3c2cc2"
            },
            "dist": {
                "type": "zip",
                "url": "https://api.github.com/repos/alpipego/awp-assets/zipball/af3951a767c2aa8110e41d4ec3b2e8be8f3c2cc2",
                "reference": "af3951a767c2aa8110e41d4ec3b2e8be8f3c2cc2",
                "shasum": ""
            },
            "require": {
                "php": "^7.1|^8.0"
            },
            "suggest": {
                "johnpbloch/wordpress-core": ""
            },
            "type": "library",
            "autoload": {
                "psr-4": {
                    "Alpipego\\AWP\\Assets\\": "src"
                }
            },
            "notification-url": "https://packagist.org/downloads/",
            "license": [
                "MIT"
            ],
            "authors": [
                {
                    "name": "alpipego",
                    "email": "alpipego@gmail.com"
                }
            ],
            "description": "Improve handling of assets (js, css) in WordPress",
            "support": {
                "issues": "https://github.com/alpipego/awp-assets/issues",
                "source": "https://github.com/alpipego/awp-assets/tree/0.7.1"
            },
            "time": "2022-01-11T17:50:20+00:00"
        }
    ],
    "packages-dev": [],
    "aliases": [],
    "minimum-stability": "stable",
    "stability-flags": {
        "alpipego/awp-assets": 20
    },
    "prefer-stable": false,
    "prefer-lowest": false,
    "platform": {
        "php": "^7.1|^8.0"
    },
    "platform-dev": [],
    "plugin-api-version": "2.1.0"
}
